
Microsoft Visual Studio Solution File, Format Version 12.00
# Visual Studio Version 16
VisualStudioVersion = 16.0.30204.135
MinimumVisualStudioVersion = 10.0.40219.1
Project("{8BC9CEB8-8B4A-11D0-8D11-00A0C91BC942}") = "My_interface", "My_interface.vcxproj", "{8BFAE34C-B3A0-418F-9A1E-45DC7F460B91}"
EndProject
Global
	GlobalSection(SolutionConfigurationPlatforms) = preSolution
		Debug|x64 = Debug|x64
		Debug|x86 = Debug|x86
		Release|x64 = Release|x64
		Release|x86 = Release|x86
	EndGlobalSection
	GlobalSection(ProjectConfigurationPlatforms) = postSolution
		{8BFAE34C-B3A0-418F-9A1E-45DC7F460B91}.Debug|x64.ActiveCfg = Debug|x64
		{8BFAE34C-B3A0-418F-9A1E-45DC7F460B91}.Debug|x64.Build.0 = Debug|x64
		{8BFAE34C-B3A0-418F-9A1E-45DC7F460B91}.Debug|x86.ActiveCfg = Debug|Win32
		{8BFAE34C-B3A0-418F-9A1E-45DC7F460B91}.Debug|x86.Build.0 = Debug|Win32
		{8BFAE34C-B3A0-418F-9A1E-45DC7F460B91}.Release|x64.ActiveCfg = Release|x64
		{8BFAE34C-B3A0-418F-9A1E-45DC7F460B91}.Release|x64.Build.0 = Release|x64
		{8BFAE34C-B3A0-418F-9A1E-45DC7F460B91}.Release|x86.ActiveCfg = Release|Win32
		{8BFAE34C-B3A0-418F-9A1E-45DC7F460B91}.Release|x86.Build.0 = Release|Win32
	EndGlobalSection
	GlobalSection(SolutionProperties) = preSolution
		HideSolutionNode = FALSE
	EndGlobalSection
	GlobalSection(ExtensibilityGlobals) = postSolution
		SolutionGuid = {35E498D6-168A-46F4-91E0-27076AEF24F1}
	EndGlobalSection
EndGlobal
